
Microsoft Visual Studio Solution File, Format Version 12.00
# Visual Studio Version 16
VisualStudioVersion = 16.0.28922.388
MinimumVisualStudioVersion = 10.0.40219.1
Project("{FAE04EC0-301F-11D3-BF4B-00C04F79EFBC}") = "DerekBanasTu", "DerekBanasTu\DerekBanasTu.csproj", "{B89F6ACC-ECBF-4D86-AAB1-25F2302E46D4}"
EndProject
Global
	GlobalSection(SolutionConfigurationPlatforms) = preSolution
		Debug|Any CPU = Debug|Any CPU
		Release|Any CPU = Release|Any CPU
	EndGlobalSection
	GlobalSection(ProjectConfigurationPlatforms) = postSolution
		{B89F6ACC-ECBF-4D86-AAB1-25F2302E46D4}.Debug|Any CPU.ActiveCfg = Debug|Any CPU
		{B89F6ACC-ECBF-4D86-AAB1-25F2302E46D4}.Debug|Any CPU.Build.0 = Debug|Any CPU
		{B89F6ACC-ECBF-4D86-AAB1-25F2302E46D4}.Release|Any CPU.ActiveCfg = Release|Any CPU
		{B89F6ACC-ECBF-4D86-AAB1-25F2302E46D4}.Release|Any CPU.Build.0 = Release|Any CPU
	EndGlobalSection
	GlobalSection(SolutionProperties) = preSolution
		HideSolutionNode = FALSE
	EndGlobalSection
	GlobalSection(ExtensibilityGlobals) = postSolution
		SolutionGuid = {7178CEF8-114D-4A0B-8B5F-52563FCD1386}
	EndGlobalSection
EndGlobal
